
Microsoft Visual Studio Solution File, Format Version 12.00
# Visual Studio 14
VisualStudioVersion = 14.0.24720.0
MinimumVisualStudioVersion = 10.0.40219.1
Project("{F184B08F-C81C-45F6-A57F-5ABD9991F28F}") = "Winix - MemoryCleaner", "Winix - MemoryCleaner\Winix - MemoryCleaner.vbproj", "{6EC8CBC7-AC6F-4EAD-A67F-A0F18794A9E6}"
EndProject
Project("{F184B08F-C81C-45F6-A57F-5ABD9991F28F}") = "wmcUpdater", "wmcUpdater\wmcUpdater.vbproj", "{9F2666FB-B4FA-4349-B2A1-40B10B40E4B9}"
EndProject
Global
	GlobalSection(SolutionConfigurationPlatforms) = preSolution
		Debug|Any CPU = Debug|Any CPU
		Release|Any CPU = Release|Any CPU
	EndGlobalSection
	GlobalSection(ProjectConfigurationPlatforms) = postSolution
		{6EC8CBC7-AC6F-4EAD-A67F-A0F18794A9E6}.Debug|Any CPU.ActiveCfg = Debug|Any CPU
		{6EC8CBC7-AC6F-4EAD-A67F-A0F18794A9E6}.Debug|Any CPU.Build.0 = Debug|Any CPU
		{6EC8CBC7-AC6F-4EAD-A67F-A0F18794A9E6}.Release|Any CPU.ActiveCfg = Release|Any CPU
		{6EC8CBC7-AC6F-4EAD-A67F-A0F18794A9E6}.Release|Any CPU.Build.0 = Release|Any CPU
		{9F2666FB-B4FA-4349-B2A1-40B10B40E4B9}.Debug|Any CPU.ActiveCfg = Debug|Any CPU
		{9F2666FB-B4FA-4349-B2A1-40B10B40E4B9}.Debug|Any CPU.Build.0 = Debug|Any CPU
		{9F2666FB-B4FA-4349-B2A1-40B10B40E4B9}.Release|Any CPU.ActiveCfg = Release|Any CPU
		{9F2666FB-B4FA-4349-B2A1-40B10B40E4B9}.Release|Any CPU.Build.0 = Release|Any CPU
	EndGlobalSection
	GlobalSection(SolutionProperties) = preSolution
		HideSolutionNode = FALSE
	EndGlobalSection
EndGlobal
